// !$*UTF8*$!
{
	archiveVersion = 1;
	classes = {
	};
	objectVersion = 77;
	objects = {

/* Begin PBXContainerItemProxy section */
		1EECA1092D8D745E00BDC499 /* PBXContainerItemProxy */ = {
			isa = PBXContainerItemProxy;
			containerPortal = 1EECA0EB2D8D745B00BDC499 /* Project object */;
			proxyType = 1;
			remoteGlobalIDString = 1EECA0F22D8D745B00BDC499;
			remoteInfo = Hayati;
		};
		1EECA1132D8D745E00BDC499 /* PBXContainerItemProxy */ = {
			isa = PBXContainerItemProxy;
			containerPortal = 1EECA0EB2D8D745B00BDC499 /* Project object */;
			proxyType = 1;
			remoteGlobalIDString = 1EECA0F22D8D745B00BDC499;
			remoteInfo = Hayati;
		};
/* End PBXContainerItemProxy section */

/* Begin PBXFileReference section */
		1EECA0F32D8D745B00BDC499 /* Hayati.app */ = {isa = PBXFileReference; explicitFileType = wrapper.application; includeInIndex = 0; path = Hayati.app; sourceTree = BUILT_PRODUCTS_DIR; };
		1EECA1082D8D745E00BDC499 /* HayatiTests.xctest */ = {isa = PBXFileReference; explicitFileType = wrapper.cfbundle; includeInIndex = 0; path = HayatiTests.xctest; sourceTree = BUILT_PRODUCTS_DIR; };
		1EECA1122D8D745E00BDC499 /* HayatiUITests.xctest */ = {isa = PBXFileReference; explicitFileType = wrapper.cfbundle; includeInIndex = 0; path = HayatiUITests.xctest; sourceTree = BUILT_PRODUCTS_DIR; };
/* End PBXFileReference section */

/* Begin PBXFileSystemSynchronizedRootGroup section */
		1EECA0F52D8D745B00BDC499 /* Hayati */ = {
			isa = PBXFileSystemSynchronizedRootGroup;
			path = Hayati;
			sourceTree = "<group>";
		};
		1EECA10B2D8D745E00BDC499 /* HayatiTests */ = {
			isa = PBXFileSystemSynchronizedRootGroup;
			path = HayatiTests;
			sourceTree = "<group>";
		};
		1EECA1152D8D745E00BDC499 /* HayatiUITests */ = {
			isa = PBXFileSystemSynchronizedRootGroup;
			path = HayatiUITests;
			sourceTree = "<group>";
		};
/* End PBXFileSystemSynchronizedRootGroup section */

/* Begin PBXFrameworksBuildPhase section */
		1EECA0F02D8D745B00BDC499 /* Frameworks */ = {
			isa = PBXFrameworksBuildPhase;
			buildActionMask = 2147483647;
			files = (
			);
			runOnlyForDeploymentPostprocessing = 0;
		};
		1EECA1052D8D745E00BDC499 /* Frameworks */ = {
			isa = PBXFrameworksBuildPhase;
			buildActionMask = 2147483647;
			files = (
			);
			runOnlyForDeploymentPostprocessing = 0;
		};
		1EECA10F2D8D745E00BDC499 /* Frameworks */ = {
			isa = PBXFrameworksBuildPhase;
			buildActionMask = 2147483647;
			files = (
			);
			runOnlyForDeploymentPostprocessing = 0;
		};
/* End PBXFrameworksBuildPhase section */

/* Begin PBXGroup section */
		1EECA0EA2D8D745B00BDC499 = {
			isa = PBXGroup;
			children = (
				1EECA0F52D8D745B00BDC499 /* Hayati */,
				1EECA10B2D8D745E00BDC499 /* HayatiTests */,
				1EECA1152D8D745E00BDC499 /* HayatiUITests */,
				1EECA0F42D8D745B00BDC499 /* Products */,
			);
			sourceTree = "<group>";
		};
		1EECA0F42D8D745B00BDC499 /* Products */ = {
			isa = PBXGroup;
			children = (
				1EECA0F32D8D745B00BDC499 /* Hayati.app */,
				1EECA1082D8D745E00BDC499 /* HayatiTests.xctest */,
				1EECA1122D8D745E00BDC499 /* HayatiUITests.xctest */,
			);
			name = Products;
			sourceTree = "<group>";
		};
/* End PBXGroup section */

/* Begin PBXNativeTarget section */
		1EECA0F22D8D745B00BDC499 /* Hayati */ = {
			isa = PBXNativeTarget;
			buildConfigurationList = 1EECA11C2D8D745E00BDC499 /* Build configuration list for PBXNativeTarget "Hayati" */;
			buildPhases = (
				1EECA0EF2D8D745B00BDC499 /* Sources */,
				1EECA0F02D8D745B00BDC499 /* Frameworks */,
				1EECA0F12D8D745B00BDC499 /* Resources */,
			);
			buildRules = (
			);
			dependencies = (
			);
			fileSystemSynchronizedGroups = (
				1EECA0F52D8D745B00BDC499 /* Hayati */,
			);
			name = Hayati;
			packageProductDependencies = (
			);
			productName = Hayati;
			productReference = 1EECA0F32D8D745B00BDC499 /* Hayati.app */;
			productType = "com.apple.product-type.application";
		};
		1EECA1072D8D745E00BDC499 /* HayatiTests */ = {
			isa = PBXNativeTarget;
			buildConfigurationList = 1EECA11F2D8D745E00BDC499 /* Build configuration list for PBXNativeTarget "HayatiTests" */;
			buildPhases = (
				1EECA1042D8D745E00BDC499 /* Sources */,
				1EECA1052D8D745E00BDC499 /* Frameworks */,
				1EECA1062D8D745E00BDC499 /* Resources */,
			);
			buildRules = (
			);
			dependencies = (
				1EECA10A2D8D745E00BDC499 /* PBXTargetDependency */,
			);
			fileSystemSynchronizedGroups = (
				1EECA10B2D8D745E00BDC499 /* HayatiTests */,
			);
			name = HayatiTests;
			packageProductDependencies = (
			);
			productName = HayatiTests;
			productReference = 1EECA1082D8D745E00BDC499 /* HayatiTests.xctest */;
			productType = "com.apple.product-type.bundle.unit-test";
		};
		1EECA1112D8D745E00BDC499 /* HayatiUITests */ = {
			isa = PBXNativeTarget;
			buildConfigurationList = 1EECA1222D8D745E00BDC499 /* Build configuration list for PBXNativeTarget "HayatiUITests" */;
			buildPhases = (
				1EECA10E2D8D745E00BDC499 /* Sources */,
				1EECA10F2D8D745E00BDC499 /* Frameworks */,
				1EECA1102D8D745E00BDC499 /* Resources */,
			);
			buildRules = (
			);
			dependencies = (
				1EECA1142D8D745E00BDC499 /* PBXTargetDependency */,
			);
			fileSystemSynchronizedGroups = (
				1EECA1152D8D745E00BDC499 /* HayatiUITests */,
			);
			name = HayatiUITests;
			packageProductDependencies = (
			);
			productName = HayatiUITests;
			productReference = 1EECA1122D8D745E00BDC499 /* HayatiUITests.xctest */;
			productType = "com.apple.product-type.bundle.ui-testing";
		};
/* End PBXNativeTarget section */

/* Begin PBXProject section */
		1EECA0EB2D8D745B00BDC499 /* Project object */ = {
			isa = PBXProject;
			attributes = {
				BuildIndependentTargetsInParallel = 1;
				LastSwiftUpdateCheck = 1620;
				LastUpgradeCheck = 1620;
				TargetAttributes = {
					1EECA0F22D8D745B00BDC499 = {
						CreatedOnToolsVersion = 16.2;
					};
					1EECA1072D8D745E00BDC499 = {
						CreatedOnToolsVersion = 16.2;
						TestTargetID = 1EECA0F22D8D745B00BDC499;
					};
					1EECA1112D8D745E00BDC499 = {
						CreatedOnToolsVersion = 16.2;
						TestTargetID = 1EECA0F22D8D745B00BDC499;
					};
				};
			};
			buildConfigurationList = 1EECA0EE2D8D745B00BDC499 /* Build configuration list for PBXProject "Hayati" */;
			developmentRegion = en;
			hasScannedForEncodings = 0;
			knownRegions = (
				en,
				Base,
			);
			mainGroup = 1EECA0EA2D8D745B00BDC499;
			minimizedProjectReferenceProxies = 1;
			preferredProjectObjectVersion = 77;
			productRefGroup = 1EECA0F42D8D745B00BDC499 /* Products */;
			projectDirPath = "";
			projectRoot = "";
			targets = (
				1EECA0F22D8D745B00BDC499 /* Hayati */,
				1EECA1072D8D745E00BDC499 /* HayatiTests */,
				1EECA1112D8D745E00BDC499 /* HayatiUITests */,
			);
		};
/* End PBXProject section */

/* Begin PBXResourcesBuildPhase section */
		1EECA0F12D8D745B00BDC499 /* Resources */ = {
			isa = PBXResourcesBuildPhase;
			buildActionMask = 2147483647;
			files = (
			);
			runOnlyForDeploymentPostprocessing = 0;
		};
		1EECA1062D8D745E00BDC499 /* Resources */ = {
			isa = PBXResourcesBuildPhase;
			buildActionMask = 2147483647;
			files = (
			);
			runOnlyForDeploymentPostprocessing = 0;
		};
		1EECA1102D8D745E00BDC499 /* Resources */ = {
			isa = PBXResourcesBuildPhase;
			buildActionMask = 2147483647;
			files = (
			);
			runOnlyForDeploymentPostprocessing = 0;
		};
/* End PBXResourcesBuildPhase section */

/* Begin PBXSourcesBuildPhase section */
		1EECA0EF2D8D745B00BDC499 /* Sources */ = {
			isa = PBXSourcesBuildPhase;
			buildActionMask = 2147483647;
			files = (
			);
			runOnlyForDeploymentPostprocessing = 0;
		};
		1EECA1042D8D745E00BDC499 /* Sources */ = {
			isa = PBXSourcesBuildPhase;
			buildActionMask = 2147483647;
			files = (
			);
			runOnlyForDeploymentPostprocessing = 0;
		};
		1EECA10E2D8D745E00BDC499 /* Sources */ = {
			isa = PBXSourcesBuildPhase;
			buildActionMask = 2147483647;
			files = (
			);
			runOnlyForDeploymentPostprocessing = 0;
		};
/* End PBXSourcesBuildPhase section */

/* Begin PBXTargetDependency section */
		1EECA10A2D8D745E00BDC499 /* PBXTargetDependency */ = {
			isa = PBXTargetDependency;
			target = 1EECA0F22D8D745B00BDC499 /* Hayati */;
			targetProxy = 1EECA1092D8D745E00BDC499 /* PBXContainerItemProxy */;
		};
		1EECA1142D8D745E00BDC499 /* PBXTargetDependency */ = {
			isa = PBXTargetDependency;
			target = 1EECA0F22D8D745B00BDC499 /* Hayati */;
			targetProxy = 1EECA1132D8D745E00BDC499 /* PBXContainerItemProxy */;
		};
/* End PBXTargetDependency section */

/* Begin XCBuildConfiguration section */
		1EECA11A2D8D745E00BDC499 /* Debug */ = {
			isa = XCBuildConfiguration;
			buildSettings = {
				ALWAYS_SEARCH_USER_PATHS = NO;
				ASSETCATALOG_COMPILER_GENERATE_SWIFT_ASSET_SYMBOL_EXTENSIONS = YES;
				CLANG_ANALYZER_NONNULL = YES;
				CLANG_ANALYZER_NUMBER_OBJECT_CONVERSION = YES_AGGRESSIVE;
				CLANG_CXX_LANGUAGE_STANDARD = "gnu++20";
				CLANG_ENABLE_MODULES = YES;
				CLANG_ENABLE_OBJC_ARC = YES;
				CLANG_ENABLE_OBJC_WEAK = YES;
				CLANG_WARN_BLOCK_CAPTURE_AUTORELEASING = YES;
				CLANG_WARN_BOOL_CONVERSION = YES;
				CLANG_WARN_COMMA = YES;
				CLANG_WARN_CONSTANT_CONVERSION = YES;
				CLANG_WARN_DEPRECATED_OBJC_IMPLEMENTATIONS = YES;
				CLANG_WARN_DIRECT_OBJC_ISA_USAGE = YES_ERROR;
				CLANG_WARN_DOCUMENTATION_COMMENTS = YES;
				CLANG_WARN_EMPTY_BODY = YES;
				CLANG_WARN_ENUM_CONVERSION = YES;
				CLANG_WARN_INFINITE_RECURSION = YES;
				CLANG_WARN_INT_CONVERSION = YES;
				CLANG_WARN_NON_LITERAL_NULL_CONVERSION = YES;
				CLANG_WARN_OBJC_IMPLICIT_RETAIN_SELF = YES;
				CLANG_WARN_OBJC_LITERAL_CONVERSION = YES;
				CLANG_WARN_OBJC_ROOT_CLASS = YES_ERROR;
				CLANG_WARN_QUOTED_INCLUDE_IN_FRAMEWORK_HEADER = YES;
				CLANG_WARN_RANGE_LOOP_ANALYSIS = YES;
				CLANG_WARN_STRICT_PROTOTYPES = YES;
				CLANG_WARN_SUSPICIOUS_MOVE = YES;
				CLANG_WARN_UNGUARDED_AVAILABILITY = YES_AGGRESSIVE;
				CLANG_WARN_UNREACHABLE_CODE = YES;
				CLANG_WARN__DUPLICATE_METHOD_MATCH = YES;
				COPY_PHASE_STRIP = NO;
				DEBUG_INFORMATION_FORMAT = dwarf;
				ENABLE_STRICT_OBJC_MSGSEND = YES;
				ENABLE_TESTABILITY = YES;
				ENABLE_USER_SCRIPT_SANDBOXING = YES;
				GCC_C_LANGUAGE_STANDARD = gnu17;
				GCC_DYNAMIC_NO_PIC = NO;
				GCC_NO_COMMON_BLOCKS = YES;
				GCC_OPTIMIZATION_LEVEL = 0;
				GCC_PREPROCESSOR_DEFINITIONS = (
					"DEBUG=1",
					"$(inherited)",
				);
				GCC_WARN_64_TO_32_BIT_CONVERSION = YES;
				GCC_WARN_ABOUT_RETURN_TYPE = YES_ERROR;
				GCC_WARN_UNDECLARED_SELECTOR = YES;
				GCC_WARN_UNINITIALIZED_AUTOS = YES_AGGRESSIVE;
				GCC_WARN_UNUSED_FUNCTION = YES;
				GCC_WARN_UNUSED_VARIABLE = YES;
				IPHONEOS_DEPLOYMENT_TARGET = 18.2;
				LOCALIZATION_PREFERS_STRING_CATALOGS = YES;
				MTL_ENABLE_DEBUG_INFO = INCLUDE_SOURCE;
				MTL_FAST_MATH = YES;
				ONLY_ACTIVE_ARCH = YES;
				SDKROOT = iphoneos;
				SWIFT_ACTIVE_COMPILATION_CONDITIONS = "DEBUG $(inherited)";
				SWIFT_OPTIMIZATION_LEVEL = "-Onone";
			};
			name = Debug;
		};
		1EECA11B2D8D745E00BDC499 /* Release */ = {
			isa = XCBuildConfiguration;
			buildSettings = {
				ALWAYS_SEARCH_USER_PATHS = NO;
				ASSETCATALOG_COMPILER_GENERATE_SWIFT_ASSET_SYMBOL_EXTENSIONS = YES;
				CLANG_ANALYZER_NONNULL = YES;
				CLANG_ANALYZER_NUMBER_OBJECT_CONVERSION = YES_AGGRESSIVE;
				CLANG_CXX_LANGUAGE_STANDARD = "gnu++20";
				CLANG_ENABLE_MODULES = YES;
				CLANG_ENABLE_OBJC_ARC = YES;
				CLANG_ENABLE_OBJC_WEAK = YES;
				CLANG_WARN_BLOCK_CAPTURE_AUTORELEASING = YES;
				CLANG_WARN_BOOL_CONVERSION = YES;
				CLANG_WARN_COMMA = YES;
				CLANG_WARN_CONSTANT_CONVERSION = YES;
				CLANG_WARN_DEPRECATED_OBJC_IMPLEMENTATIONS = YES;
				CLANG_WARN_DIRECT_OBJC_ISA_USAGE = YES_ERROR;
				CLANG_WARN_DOCUMENTATION_COMMENTS = YES;
				CLANG_WARN_EMPTY_BODY = YES;
				CLANG_WARN_ENUM_CONVERSION = YES;
				CLANG_WARN_INFINITE_RECURSION = YES;
				CLANG_WARN_INT_CONVERSION = YES;
				CLANG_WARN_NON_LITERAL_NULL_CONVERSION = YES;
				CLANG_WARN_OBJC_IMPLICIT_RETAIN_SELF = YES;
				CLANG_WARN_OBJC_LITERAL_CONVERSION = YES;
				CLANG_WARN_OBJC_ROOT_CLASS = YES_ERROR;
				CLANG_WARN_QUOTED_INCLUDE_IN_FRAMEWORK_HEADER = YES;
				CLANG_WARN_RANGE_LOOP_ANALYSIS = YES;
				CLANG_WARN_STRICT_PROTOTYPES = YES;
				CLANG_WARN_SUSPICIOUS_MOVE = YES;
				CLANG_WARN_UNGUARDED_AVAILABILITY = YES_AGGRESSIVE;
				CLANG_WARN_UNREACHABLE_CODE = YES;
				CLANG_WARN__DUPLICATE_METHOD_MATCH = YES;
				COPY_PHASE_STRIP = NO;
				DEBUG_INFORMATION_FORMAT = "dwarf-with-dsym";
				ENABLE_NS_ASSERTIONS = NO;
				ENABLE_STRICT_OBJC_MSGSEND = YES;
				ENABLE_USER_SCRIPT_SANDBOXING = YES;
				GCC_C_LANGUAGE_STANDARD = gnu17;
				GCC_NO_COMMON_BLOCKS = YES;
				GCC_WARN_64_TO_32_BIT_CONVERSION = YES;
				GCC_WARN_ABOUT_RETURN_TYPE = YES_ERROR;
				GCC_WARN_UNDECLARED_SELECTOR = YES;
				GCC_WARN_UNINITIALIZED_AUTOS = YES_AGGRESSIVE;
				GCC_WARN_UNUSED_FUNCTION = YES;
				GCC_WARN_UNUSED_VARIABLE = YES;
				IPHONEOS_DEPLOYMENT_TARGET = 18.2;
				LOCALIZATION_PREFERS_STRING_CATALOGS = YES;
				MTL_ENABLE_DEBUG_INFO = NO;
				MTL_FAST_MATH = YES;
				SDKROOT = iphoneos;
				SWIFT_COMPILATION_MODE = wholemodule;
				VALIDATE_PRODUCT = YES;
			};
			name = Release;
		};
		1EECA11D2D8D745E00BDC499 /* Debug */ = {
			isa = XCBuildConfiguration;
			buildSettings = {
				ASSETCATALOG_COMPILER_APPICON_NAME = AppIcon;
				ASSETCATALOG_COMPILER_GLOBAL_ACCENT_COLOR_NAME = AccentColor;
				CODE_SIGN_STYLE = Automatic;
				CURRENT_PROJECT_VERSION = 1;
				DEVELOPMENT_ASSET_PATHS = "\"Hayati/Preview Content\"";
				ENABLE_PREVIEWS = YES;
				GENERATE_INFOPLIST_FILE = YES;
				INFOPLIST_KEY_UIApplicationSceneManifest_Generation = YES;
				INFOPLIST_KEY_UIApplicationSupportsIndirectInputEvents = YES;
				INFOPLIST_KEY_UILaunchScreen_Generation = YES;
				INFOPLIST_KEY_UISupportedInterfaceOrientations_iPad = "UIInterfaceOrientationPortrait UIInterfaceOrientationPortraitUpsideDown UIInterfaceOrientationLandscapeLeft UIInterfaceOrientationLandscapeRight";
				INFOPLIST_KEY_UISupportedInterfaceOrientations_iPhone = "UIInterfaceOrientationPortrait UIInterfaceOrientationLandscapeLeft UIInterfaceOrientationLandscapeRight";
				LD_RUNPATH_SEARCH_PATHS = (
					"$(inherited)",
					"@executable_path/Frameworks",
				);
				MARKETING_VERSION = 1.0;
				PRODUCT_BUNDLE_IDENTIFIER = com.maniar.Hayati;
				PRODUCT_NAME = "$(TARGET_NAME)";
				SWIFT_EMIT_LOC_STRINGS = YES;
				SWIFT_VERSION = 5.0;
				TARGETED_DEVICE_FAMILY = "1,2";
			};
			name = Debug;
		};
		1EECA11E2D8D745E00BDC499 /* Release */ = {
			isa = XCBuildConfiguration;
			buildSettings = {
				ASSETCATALOG_COMPILER_APPICON_NAME = AppIcon;
				ASSETCATALOG_COMPILER_GLOBAL_ACCENT_COLOR_NAME = AccentColor;
				CODE_SIGN_STYLE = Automatic;
				CURRENT_PROJECT_VERSION = 1;
				DEVELOPMENT_ASSET_PATHS = "\"Hayati/Preview Content\"";
				ENABLE_PREVIEWS = YES;
				GENERATE_INFOPLIST_FILE = YES;
				INFOPLIST_KEY_UIApplicationSceneManifest_Generation = YES;
				INFOPLIST_KEY_UIApplicationSupportsIndirectInputEvents = YES;
				INFOPLIST_KEY_UILaunchScreen_Generation = YES;
				INFOPLIST_KEY_UISupportedInterfaceOrientations_iPad = "UIInterfaceOrientationPortrait UIInterfaceOrientationPortraitUpsideDown UIInterfaceOrientationLandscapeLeft UIInterfaceOrientationLandscapeRight";
				INFOPLIST_KEY_UISupportedInterfaceOrientations_iPhone = "UIInterfaceOrientationPortrait UIInterfaceOrientationLandscapeLeft UIInterfaceOrientationLandscapeRight";
				LD_RUNPATH_SEARCH_PATHS = (
					"$(inherited)",
					"@executable_path/Frameworks",
				);
				MARKETING_VERSION = 1.0;
				PRODUCT_BUNDLE_IDENTIFIER = com.maniar.Hayati;
				PRODUCT_NAME = "$(TARGET_NAME)";
				SWIFT_EMIT_LOC_STRINGS = YES;
				SWIFT_VERSION = 5.0;
				TARGETED_DEVICE_FAMILY = "1,2";
			};
			name = Release;
		};
		1EECA1202D8D745E00BDC499 /* Debug */ = {
			isa = XCBuildConfiguration;
			buildSettings = {
				BUNDLE_LOADER = "$(TEST_HOST)";
				CODE_SIGN_STYLE = Automatic;
				CURRENT_PROJECT_VERSION = 1;
				GENERATE_INFOPLIST_FILE = YES;
				IPHONEOS_DEPLOYMENT_TARGET = 18.2;
				MARKETING_VERSION = 1.0;
				PRODUCT_BUNDLE_IDENTIFIER = com.maniar.HayatiTests;
				PRODUCT_NAME = "$(TARGET_NAME)";
				SWIFT_EMIT_LOC_STRINGS = NO;
				SWIFT_VERSION = 5.0;
				TARGETED_DEVICE_FAMILY = "1,2";
				TEST_HOST = "$(BUILT_PRODUCTS_DIR)/Hayati.app/$(BUNDLE_EXECUTABLE_FOLDER_PATH)/Hayati";
			};
			name = Debug;
		};
		1EECA1212D8D745E00BDC499 /* Release */ = {
			isa = XCBuildConfiguration;
			buildSettings = {
				BUNDLE_LOADER = "$(TEST_HOST)";
				CODE_SIGN_STYLE = Automatic;
				CURRENT_PROJECT_VERSION = 1;
				GENERATE_INFOPLIST_FILE = YES;
				IPHONEOS_DEPLOYMENT_TARGET = 18.2;
				MARKETING_VERSION = 1.0;
				PRODUCT_BUNDLE_IDENTIFIER = com.maniar.HayatiTests;
				PRODUCT_NAME = "$(TARGET_NAME)";
				SWIFT_EMIT_LOC_STRINGS = NO;
				SWIFT_VERSION = 5.0;
				TARGETED_DEVICE_FAMILY = "1,2";
				TEST_HOST = "$(BUILT_PRODUCTS_DIR)/Hayati.app/$(BUNDLE_EXECUTABLE_FOLDER_PATH)/Hayati";
			};
			name = Release;
		};
		1EECA1232D8D745E00BDC499 /* Debug */ = {
			isa = XCBuildConfiguration;
			buildSettings = {
				CODE_SIGN_STYLE = Automatic;
				CURRENT_PROJECT_VERSION = 1;
				GENERATE_INFOPLIST_FILE = YES;
				MARKETING_VERSION = 1.0;
				PRODUCT_BUNDLE_IDENTIFIER = com.maniar.HayatiUITests;
				PRODUCT_NAME = "$(TARGET_NAME)";
				SWIFT_EMIT_LOC_STRINGS = NO;
				SWIFT_VERSION = 5.0;
				TARGETED_DEVICE_FAMILY = "1,2";
				TEST_TARGET_NAME = Hayati;
			};
			name = Debug;
		};
		1EECA1242D8D745E00BDC499 /* Release */ = {
			isa = XCBuildConfiguration;
			buildSettings = {
				CODE_SIGN_STYLE = Automatic;
				CURRENT_PROJECT_VERSION = 1;
				GENERATE_INFOPLIST_FILE = YES;
				MARKETING_VERSION = 1.0;
				PRODUCT_BUNDLE_IDENTIFIER = com.maniar.HayatiUITests;
				PRODUCT_NAME = "$(TARGET_NAME)";
				SWIFT_EMIT_LOC_STRINGS = NO;
				SWIFT_VERSION = 5.0;
				TARGETED_DEVICE_FAMILY = "1,2";
				TEST_TARGET_NAME = Hayati;
			};
			name = Release;
		};
/* End XCBuildConfiguration section */

/* Begin XCConfigurationList section */
		1EECA0EE2D8D745B00BDC499 /* Build configuration list for PBXProject "Hayati" */ = {
			isa = XCConfigurationList;
			buildConfigurations = (
				1EECA11A2D8D745E00BDC499 /* Debug */,
				1EECA11B2D8D745E00BDC499 /* Release */,
			);
			defaultConfigurationIsVisible = 0;
			defaultConfigurationName = Release;
		};
		1EECA11C2D8D745E00BDC499 /* Build configuration list for PBXNativeTarget "Hayati" */ = {
			isa = XCConfigurationList;
			buildConfigurations = (
				1EECA11D2D8D745E00BDC499 /* Debug */,
				1EECA11E2D8D745E00BDC499 /* Release */,
			);
			defaultConfigurationIsVisible = 0;
			defaultConfigurationName = Release;
		};
		1EECA11F2D8D745E00BDC499 /* Build configuration list for PBXNativeTarget "HayatiTests" */ = {
			isa = XCConfigurationList;
			buildConfigurations = (
				1EECA1202D8D745E00BDC499 /* Debug */,
				1EECA1212D8D745E00BDC499 /* Release */,
			);
			defaultConfigurationIsVisible = 0;
			defaultConfigurationName = Release;
		};
		1EECA1222D8D745E00BDC499 /* Build configuration list for PBXNativeTarget "HayatiUITests" */ = {
			isa = XCConfigurationList;
			buildConfigurations = (
				1EECA1232D8D745E00BDC499 /* Debug */,
				1EECA1242D8D745E00BDC499 /* Release */,
			);
			defaultConfigurationIsVisible = 0;
			defaultConfigurationName = Release;
		};
/* End XCConfigurationList section */
	};
	rootObject = 1EECA0EB2D8D745B00BDC499 /* Project object */;
}
